{
  "name": "nl.onzewifi.imagetoken",
  "version": "1.0.0",
  "lockfileVersion": 3,
  "requires": true,
  "packages": {
    "": {
      "name": "nl.onzewifi.imagetoken",
      "version": "1.0.0",
      "devDependencies": {
        "@tsconfig/node12": "^1.0.11",
        "@types/homey": "npm:homey-apps-sdk-v3-types@^0.3.4",
        "@types/node": "^18.15.10"
      }
    },
    "node_modules/@tsconfig/node12": {
      "version": "1.0.11",
      "resolved": "https://registry.npmjs.org/@tsconfig/node12/-/node12-1.0.11.tgz",
      "integrity": "sha512-cqefuRsh12pWyGsIoBKJA9luFu3mRxCA+ORZvA4ktLSzIuCUtWVxGIuXigEwO5/ywWFMZ2QEGKWvkZG1zDMTag==",
      "dev": true
    },
    "node_modules/@types/homey": {
      "name": "homey-apps-sdk-v3-types",
      "version": "0.3.4",
      "resolved": "https://registry.npmjs.org/homey-apps-sdk-v3-types/-/homey-apps-sdk-v3-types-0.3.4.tgz",
      "integrity": "sha512-daGWdd/uVZWvsy33RY2ljgeTrZWREaVG0J7cYRMJMqzfUMeey8A+8QryBcySwuc84DG1lP1kSTP3fFCe/CeRZA==",
      "dev": true,
      "dependencies": {
        "@types/node": "^14.14.20"
      }
    },
    "node_modules/@types/homey/node_modules/@types/node": {
      "version": "14.18.41",
      "resolved": "https://registry.npmjs.org/@types/node/-/node-14.18.41.tgz",
      "integrity": "sha512-2cfHr8AsUjKx6u4Q+d2eqK51z8+HueoumCQGCKVt95y/yGG4uajOuCANSnE20mbLw94h3tMcddIJ8nYkTu2mFw==",
      "dev": true
    },
    "node_modules/@types/node": {
      "version": "18.15.10",
      "resolved": "https://registry.npmjs.org/@types/node/-/node-18.15.10.tgz",
      "integrity": "sha512-9avDaQJczATcXgfmMAW3MIWArOO7A+m90vuCFLr8AotWf8igO/mRoYukrk2cqZVtv38tHs33retzHEilM7FpeQ==",
      "dev": true
    }
  }
}
